
Microsoft Visual Studio Solution File, Format Version 12.00
# Visual Studio Version 17
VisualStudioVersion = 17.11.35222.181
MinimumVisualStudioVersion = 10.0.40219.1
Project("{FAE04EC0-301F-11D3-BF4B-00C04F79EFBC}") = "O365C.FuncApp.Induction", "O365C.FuncApp.Induction\O365C.FuncApp.Induction.csproj", "{67E5EDBB-0B30-40AD-8F02-BFEF23604835}"
EndProject
Global
	GlobalSection(SolutionConfigurationPlatforms) = preSolution
		Debug|Any CPU = Debug|Any CPU
		Release|Any CPU = Release|Any CPU
	EndGlobalSection
	GlobalSection(ProjectConfigurationPlatforms) = postSolution
		{67E5EDBB-0B30-40AD-8F02-BFEF23604835}.Debug|Any CPU.ActiveCfg = Debug|Any CPU
		{67E5EDBB-0B30-40AD-8F02-BFEF23604835}.Debug|Any CPU.Build.0 = Debug|Any CPU
		{67E5EDBB-0B30-40AD-8F02-BFEF23604835}.Release|Any CPU.ActiveCfg = Release|Any CPU
		{67E5EDBB-0B30-40AD-8F02-BFEF23604835}.Release|Any CPU.Build.0 = Release|Any CPU
	EndGlobalSection
	GlobalSection(SolutionProperties) = preSolution
		HideSolutionNode = FALSE
	EndGlobalSection
	GlobalSection(ExtensibilityGlobals) = postSolution
		SolutionGuid = {3EBE7D36-76DF-4F13-8EE9-595DBB9DF115}
	EndGlobalSection
EndGlobal
