Microsoft Visual Studio Solution File, Format Version 12.00
# Visual Studio Version 17
VisualStudioVersion = 17.5.2.0
MinimumVisualStudioVersion = 10.0.40219.1
Project("{2150E333-8FDC-42A3-9474-1A3956D46DE8}") = "samples", "samples", "{5D20AA90-6969-D8BD-9DCD-8634F4692FDA}"
EndProject
Project("{2150E333-8FDC-42A3-9474-1A3956D46DE8}") = "react-bot-framework", "react-bot-framework", "{8373AC38-E6C2-0CB1-D19D-64A52CFBE3B8}"
EndProject
Project("{FAE04EC0-301F-11D3-BF4B-00C04F79EFBC}") = "Simple Bot Application", "samples\react-bot-framework\vs2015-bot-application\Simple Bot Application.csproj", "{E0428B53-0AC8-0627-AF6D-99D8F47EC087}"
EndProject
Project("{2150E333-8FDC-42A3-9474-1A3956D46DE8}") = "react-document-ai-chat", "react-document-ai-chat", "{9CEDF7B3-2935-1264-7405-BE36E7F83780}"
EndProject
Project("{FAE04EC0-301F-11D3-BF4B-00C04F79EFBC}") = "O365C.SK.KernelMemory.FuncApp", "samples\react-document-ai-chat\FunctionApp\O365C.SK.KernelMemory.FuncApp.csproj", "{B372A5FC-BBCF-F34B-51B4-BDD8FB3AAE02}"
EndProject
Project("{2150E333-8FDC-42A3-9474-1A3956D46DE8}") = "react-kiota-custom-api-client", "react-kiota-custom-api-client", "{73EB1D05-47CA-FA0A-A6E2-6E981B5C2D28}"
EndProject
Project("{FAE04EC0-301F-11D3-BF4B-00C04F79EFBC}") = "TeamifiedApi", "samples\react-kiota-custom-api-client\TeamifiedApi\TeamifiedApi.csproj", "{C35CECD1-8889-8712-F6DB-33499AB18EBE}"
EndProject
Project("{2150E333-8FDC-42A3-9474-1A3956D46DE8}") = "react-m365-services-health", "react-m365-services-health", "{6736E060-49A4-3EE4-6C19-45C51C7BCDD7}"
EndProject
Project("{FAE04EC0-301F-11D3-BF4B-00C04F79EFBC}") = "M365ServiceHealth", "samples\react-m365-services-health\Azure Function\M365ServiceHealth.csproj", "{EBE1DEBE-32B5-904C-1DFA-B83544A07479}"
EndProject
Project("{2150E333-8FDC-42A3-9474-1A3956D46DE8}") = "aad-api-spo-cookie", "aad-api-spo-cookie", "{09EF9FEB-20DA-27BA-C6FD-2DAA67356F12}"
EndProject
Project("{2150E333-8FDC-42A3-9474-1A3956D46DE8}") = "api", "api", "{B4FC0208-FB23-049D-D2E1-1E939B1DD64B}"
EndProject
Project("{FAE04EC0-301F-11D3-BF4B-00C04F79EFBC}") = "pnp.api.contosoorders", "samples\aad-api-spo-cookie\api\pnp.api.contosoorders\pnp.api.contosoorders.csproj", "{38365B5B-0AE0-107C-22F9-C21A797723A3}"
EndProject
Project("{2150E333-8FDC-42A3-9474-1A3956D46DE8}") = "angular-aad-webapi", "angular-aad-webapi", "{82CF52B9-B6E0-4A56-2441-7487C4E7E021}"
EndProject
Project("{2150E333-8FDC-42A3-9474-1A3956D46DE8}") = "api", "api", "{4665CB55-6ABF-AB59-BFEE-9ED15033261E}"
EndProject
Project("{FAE04EC0-301F-11D3-BF4B-00C04F79EFBC}") = "securecall", "samples\angular-aad-webapi\api\securecall\securecall.csproj", "{4C498B73-870D-1096-56FC-5E7FED6B6A90}"
EndProject
Project("{2150E333-8FDC-42A3-9474-1A3956D46DE8}") = "react-aad-webapi", "react-aad-webapi", "{552264DD-36EF-9DAC-3A05-AF8FE970AEA1}"
EndProject
Project("{2150E333-8FDC-42A3-9474-1A3956D46DE8}") = "api", "api", "{76CB82A8-EBAC-7995-3A6A-68602C65F6B0}"
EndProject
Project("{FAE04EC0-301F-11D3-BF4B-00C04F79EFBC}") = "pnp.api.contosoorders", "samples\react-aad-webapi\api\pnp.api.contosoorders\pnp.api.contosoorders.csproj", "{38035751-4AD3-443C-DE09-2D3896B5AE61}"
EndProject
Project("{2150E333-8FDC-42A3-9474-1A3956D46DE8}") = "react-realtime-incidentdashboard", "react-realtime-incidentdashboard", "{EAB0D0C7-E8E7-D02F-A30B-5A7BD9835FE1}"
EndProject
Project("{2150E333-8FDC-42A3-9474-1A3956D46DE8}") = "backend", "backend", "{32CEA217-4FDC-48BD-7586-CA44B0BDDDF8}"
EndProject
Project("{FAE04EC0-301F-11D3-BF4B-00C04F79EFBC}") = "O365Clinic.Function.Webhooks", "samples\react-realtime-incidentdashboard\backend\O365Clinic.Function.Webhooks\O365Clinic.Function.Webhooks.csproj", "{ACC029E0-C8F8-E1C2-C5BD-237AEC5FF29C}"
EndProject
Project("{2150E333-8FDC-42A3-9474-1A3956D46DE8}") = "react-site-secure-function-call", "react-site-secure-function-call", "{6CE43484-A6F0-3BB1-2496-8CF1FA2380DA}"
EndProject
Project("{2150E333-8FDC-42A3-9474-1A3956D46DE8}") = "Functions", "Functions", "{D3C49938-1353-3F57-9B89-9106EBF0CEF0}"
EndProject
Project("{FAE04EC0-301F-11D3-BF4B-00C04F79EFBC}") = "SampleConsumeFunc", "samples\react-site-secure-function-call\Functions\SampleConumeFunc\SampleConsumeFunc.csproj", "{54954569-3E15-19D4-58FD-A8DE1F0893F5}"
EndProject
Project("{2150E333-8FDC-42A3-9474-1A3956D46DE8}") = "react-sp-elevatedprivileges", "react-sp-elevatedprivileges", "{5B5F49C7-0983-9D33-D2C5-7CC7D9F199AB}"
EndProject
Project("{2150E333-8FDC-42A3-9474-1A3956D46DE8}") = "api", "api", "{20EF94D4-CE39-CC0A-A0C4-EE3D98CE210B}"
EndProject
Project("{FAE04EC0-301F-11D3-BF4B-00C04F79EFBC}") = "pnp.api.elevatedprivileges", "samples\react-sp-elevatedprivileges\api\pnp.api.elevatedprivileges\pnp.api.elevatedprivileges.csproj", "{ACFF22FF-D5C4-6AB1-3205-B9D1E8A121BB}"
EndProject
Project("{2150E333-8FDC-42A3-9474-1A3956D46DE8}") = "react-3rd-party-api", "react-3rd-party-api", "{42FE389D-C60E-FE1E-4862-0BBEA8569665}"
EndProject
Project("{2150E333-8FDC-42A3-9474-1A3956D46DE8}") = "Server-API", "Server-API", "{C21C9179-305A-C21D-9217-B929877B6F4A}"
EndProject
Project("{2150E333-8FDC-42A3-9474-1A3956D46DE8}") = "SharePoint.PnP.SampleRESTAPI", "SharePoint.PnP.SampleRESTAPI", "{C0A91C45-ACDE-94B8-C652-6E15DCA07655}"
EndProject
Project("{FAE04EC0-301F-11D3-BF4B-00C04F79EFBC}") = "SharePoint.PnP.SampleRESTAPI", "samples\react-3rd-party-api\Server-API\SharePoint.PnP.SampleRESTAPI\SharePoint.PnP.SampleRESTAPI\SharePoint.PnP.SampleRESTAPI.csproj", "{A9F8897D-A611-9D6C-4D1E-EC7B5021F9D3}"
EndProject
Project("{2150E333-8FDC-42A3-9474-1A3956D46DE8}") = "react-employees-onboarding", "react-employees-onboarding", "{F6C90F76-CE4C-257C-0D79-D9B7C4459DF7}"
EndProject
Project("{2150E333-8FDC-42A3-9474-1A3956D46DE8}") = "api", "api", "{CE62A7D1-C162-4339-21F1-FB4B81D93473}"
EndProject
Project("{2150E333-8FDC-42A3-9474-1A3956D46DE8}") = "O365C.FuncApp.Induction", "O365C.FuncApp.Induction", "{3F820681-6F14-8533-D8F4-FEC382DB099C}"
EndProject
Project("{FAE04EC0-301F-11D3-BF4B-00C04F79EFBC}") = "O365C.FuncApp.Induction", "samples\react-employees-onboarding\api\O365C.FuncApp.Induction\O365C.FuncApp.Induction\O365C.FuncApp.Induction.csproj", "{56C5C693-4CD7-6D0C-AEE6-288C16910761}"
EndProject
Project("{2150E333-8FDC-42A3-9474-1A3956D46DE8}") = "react-site-provisioning-manager", "react-site-provisioning-manager", "{B80F2D27-2341-BDDF-4C9B-DCB295A35828}"
EndProject
Project("{2150E333-8FDC-42A3-9474-1A3956D46DE8}") = "azure-function", "azure-function", "{9926AF2C-2DEE-4FCE-FD42-E86C69D7531A}"
EndProject
Project("{2150E333-8FDC-42A3-9474-1A3956D46DE8}") = "ProvisioningApp", "ProvisioningApp", "{810F246B-7C9F-B15A-0FC6-AE8E39680ABA}"
EndProject
Project("{FAE04EC0-301F-11D3-BF4B-00C04F79EFBC}") = "ProvisioningApp", "samples\react-site-provisioning-manager\azure-function\ProvisioningApp\ProvisioningApp\ProvisioningApp.csproj", "{804C6032-A730-45C9-EB93-54B470CF485C}"
EndProject
Global
	GlobalSection(SolutionConfigurationPlatforms) = preSolution
		Debug|Any CPU = Debug|Any CPU
		Release|Any CPU = Release|Any CPU
	EndGlobalSection
	GlobalSection(ProjectConfigurationPlatforms) = postSolution
		{E0428B53-0AC8-0627-AF6D-99D8F47EC087}.Debug|Any CPU.ActiveCfg = Debug|Any CPU
		{E0428B53-0AC8-0627-AF6D-99D8F47EC087}.Debug|Any CPU.Build.0 = Debug|Any CPU
		{E0428B53-0AC8-0627-AF6D-99D8F47EC087}.Release|Any CPU.ActiveCfg = Release|Any CPU
		{E0428B53-0AC8-0627-AF6D-99D8F47EC087}.Release|Any CPU.Build.0 = Release|Any CPU
		{B372A5FC-BBCF-F34B-51B4-BDD8FB3AAE02}.Debug|Any CPU.ActiveCfg = Debug|Any CPU
		{B372A5FC-BBCF-F34B-51B4-BDD8FB3AAE02}.Debug|Any CPU.Build.0 = Debug|Any CPU
		{B372A5FC-BBCF-F34B-51B4-BDD8FB3AAE02}.Release|Any CPU.ActiveCfg = Release|Any CPU
		{B372A5FC-BBCF-F34B-51B4-BDD8FB3AAE02}.Release|Any CPU.Build.0 = Release|Any CPU
		{C35CECD1-8889-8712-F6DB-33499AB18EBE}.Debug|Any CPU.ActiveCfg = Debug|Any CPU
		{C35CECD1-8889-8712-F6DB-33499AB18EBE}.Debug|Any CPU.Build.0 = Debug|Any CPU
		{C35CECD1-8889-8712-F6DB-33499AB18EBE}.Release|Any CPU.ActiveCfg = Release|Any CPU
		{C35CECD1-8889-8712-F6DB-33499AB18EBE}.Release|Any CPU.Build.0 = Release|Any CPU
		{EBE1DEBE-32B5-904C-1DFA-B83544A07479}.Debug|Any CPU.ActiveCfg = Debug|Any CPU
		{EBE1DEBE-32B5-904C-1DFA-B83544A07479}.Debug|Any CPU.Build.0 = Debug|Any CPU
		{EBE1DEBE-32B5-904C-1DFA-B83544A07479}.Release|Any CPU.ActiveCfg = Release|Any CPU
		{EBE1DEBE-32B5-904C-1DFA-B83544A07479}.Release|Any CPU.Build.0 = Release|Any CPU
		{38365B5B-0AE0-107C-22F9-C21A797723A3}.Debug|Any CPU.ActiveCfg = Debug|Any CPU
		{38365B5B-0AE0-107C-22F9-C21A797723A3}.Debug|Any CPU.Build.0 = Debug|Any CPU
		{38365B5B-0AE0-107C-22F9-C21A797723A3}.Release|Any CPU.ActiveCfg = Release|Any CPU
		{38365B5B-0AE0-107C-22F9-C21A797723A3}.Release|Any CPU.Build.0 = Release|Any CPU
		{4C498B73-870D-1096-56FC-5E7FED6B6A90}.Debug|Any CPU.ActiveCfg = Debug|Any CPU
		{4C498B73-870D-1096-56FC-5E7FED6B6A90}.Debug|Any CPU.Build.0 = Debug|Any CPU
		{4C498B73-870D-1096-56FC-5E7FED6B6A90}.Release|Any CPU.ActiveCfg = Release|Any CPU
		{4C498B73-870D-1096-56FC-5E7FED6B6A90}.Release|Any CPU.Build.0 = Release|Any CPU
		{38035751-4AD3-443C-DE09-2D3896B5AE61}.Debug|Any CPU.ActiveCfg = Debug|Any CPU
		{38035751-4AD3-443C-DE09-2D3896B5AE61}.Debug|Any CPU.Build.0 = Debug|Any CPU
		{38035751-4AD3-443C-DE09-2D3896B5AE61}.Release|Any CPU.ActiveCfg = Release|Any CPU
		{38035751-4AD3-443C-DE09-2D3896B5AE61}.Release|Any CPU.Build.0 = Release|Any CPU
		{ACC029E0-C8F8-E1C2-C5BD-237AEC5FF29C}.Debug|Any CPU.ActiveCfg = Debug|Any CPU
		{ACC029E0-C8F8-E1C2-C5BD-237AEC5FF29C}.Debug|Any CPU.Build.0 = Debug|Any CPU
		{ACC029E0-C8F8-E1C2-C5BD-237AEC5FF29C}.Release|Any CPU.ActiveCfg = Release|Any CPU
		{ACC029E0-C8F8-E1C2-C5BD-237AEC5FF29C}.Release|Any CPU.Build.0 = Release|Any CPU
		{54954569-3E15-19D4-58FD-A8DE1F0893F5}.Debug|Any CPU.ActiveCfg = Debug|Any CPU
		{54954569-3E15-19D4-58FD-A8DE1F0893F5}.Debug|Any CPU.Build.0 = Debug|Any CPU
		{54954569-3E15-19D4-58FD-A8DE1F0893F5}.Release|Any CPU.ActiveCfg = Release|Any CPU
		{54954569-3E15-19D4-58FD-A8DE1F0893F5}.Release|Any CPU.Build.0 = Release|Any CPU
		{ACFF22FF-D5C4-6AB1-3205-B9D1E8A121BB}.Debug|Any CPU.ActiveCfg = Debug|Any CPU
		{ACFF22FF-D5C4-6AB1-3205-B9D1E8A121BB}.Debug|Any CPU.Build.0 = Debug|Any CPU
		{ACFF22FF-D5C4-6AB1-3205-B9D1E8A121BB}.Release|Any CPU.ActiveCfg = Release|Any CPU
		{ACFF22FF-D5C4-6AB1-3205-B9D1E8A121BB}.Release|Any CPU.Build.0 = Release|Any CPU
		{A9F8897D-A611-9D6C-4D1E-EC7B5021F9D3}.Debug|Any CPU.ActiveCfg = Debug|Any CPU
		{A9F8897D-A611-9D6C-4D1E-EC7B5021F9D3}.Debug|Any CPU.Build.0 = Debug|Any CPU
		{A9F8897D-A611-9D6C-4D1E-EC7B5021F9D3}.Release|Any CPU.ActiveCfg = Release|Any CPU
		{A9F8897D-A611-9D6C-4D1E-EC7B5021F9D3}.Release|Any CPU.Build.0 = Release|Any CPU
		{56C5C693-4CD7-6D0C-AEE6-288C16910761}.Debug|Any CPU.ActiveCfg = Debug|Any CPU
		{56C5C693-4CD7-6D0C-AEE6-288C16910761}.Debug|Any CPU.Build.0 = Debug|Any CPU
		{56C5C693-4CD7-6D0C-AEE6-288C16910761}.Release|Any CPU.ActiveCfg = Release|Any CPU
		{56C5C693-4CD7-6D0C-AEE6-288C16910761}.Release|Any CPU.Build.0 = Release|Any CPU
		{804C6032-A730-45C9-EB93-54B470CF485C}.Debug|Any CPU.ActiveCfg = Debug|Any CPU
		{804C6032-A730-45C9-EB93-54B470CF485C}.Debug|Any CPU.Build.0 = Debug|Any CPU
		{804C6032-A730-45C9-EB93-54B470CF485C}.Release|Any CPU.ActiveCfg = Release|Any CPU
		{804C6032-A730-45C9-EB93-54B470CF485C}.Release|Any CPU.Build.0 = Release|Any CPU
	EndGlobalSection
	GlobalSection(SolutionProperties) = preSolution
		HideSolutionNode = FALSE
	EndGlobalSection
	GlobalSection(NestedProjects) = preSolution
		{8373AC38-E6C2-0CB1-D19D-64A52CFBE3B8} = {5D20AA90-6969-D8BD-9DCD-8634F4692FDA}
		{E0428B53-0AC8-0627-AF6D-99D8F47EC087} = {8373AC38-E6C2-0CB1-D19D-64A52CFBE3B8}
		{9CEDF7B3-2935-1264-7405-BE36E7F83780} = {5D20AA90-6969-D8BD-9DCD-8634F4692FDA}
		{B372A5FC-BBCF-F34B-51B4-BDD8FB3AAE02} = {9CEDF7B3-2935-1264-7405-BE36E7F83780}
		{73EB1D05-47CA-FA0A-A6E2-6E981B5C2D28} = {5D20AA90-6969-D8BD-9DCD-8634F4692FDA}
		{C35CECD1-8889-8712-F6DB-33499AB18EBE} = {73EB1D05-47CA-FA0A-A6E2-6E981B5C2D28}
		{6736E060-49A4-3EE4-6C19-45C51C7BCDD7} = {5D20AA90-6969-D8BD-9DCD-8634F4692FDA}
		{EBE1DEBE-32B5-904C-1DFA-B83544A07479} = {6736E060-49A4-3EE4-6C19-45C51C7BCDD7}
		{09EF9FEB-20DA-27BA-C6FD-2DAA67356F12} = {5D20AA90-6969-D8BD-9DCD-8634F4692FDA}
		{B4FC0208-FB23-049D-D2E1-1E939B1DD64B} = {09EF9FEB-20DA-27BA-C6FD-2DAA67356F12}
		{38365B5B-0AE0-107C-22F9-C21A797723A3} = {B4FC0208-FB23-049D-D2E1-1E939B1DD64B}
		{82CF52B9-B6E0-4A56-2441-7487C4E7E021} = {5D20AA90-6969-D8BD-9DCD-8634F4692FDA}
		{4665CB55-6ABF-AB59-BFEE-9ED15033261E} = {82CF52B9-B6E0-4A56-2441-7487C4E7E021}
		{4C498B73-870D-1096-56FC-5E7FED6B6A90} = {4665CB55-6ABF-AB59-BFEE-9ED15033261E}
		{552264DD-36EF-9DAC-3A05-AF8FE970AEA1} = {5D20AA90-6969-D8BD-9DCD-8634F4692FDA}
		{76CB82A8-EBAC-7995-3A6A-68602C65F6B0} = {552264DD-36EF-9DAC-3A05-AF8FE970AEA1}
		{38035751-4AD3-443C-DE09-2D3896B5AE61} = {76CB82A8-EBAC-7995-3A6A-68602C65F6B0}
		{EAB0D0C7-E8E7-D02F-A30B-5A7BD9835FE1} = {5D20AA90-6969-D8BD-9DCD-8634F4692FDA}
		{32CEA217-4FDC-48BD-7586-CA44B0BDDDF8} = {EAB0D0C7-E8E7-D02F-A30B-5A7BD9835FE1}
		{ACC029E0-C8F8-E1C2-C5BD-237AEC5FF29C} = {32CEA217-4FDC-48BD-7586-CA44B0BDDDF8}
		{6CE43484-A6F0-3BB1-2496-8CF1FA2380DA} = {5D20AA90-6969-D8BD-9DCD-8634F4692FDA}
		{D3C49938-1353-3F57-9B89-9106EBF0CEF0} = {6CE43484-A6F0-3BB1-2496-8CF1FA2380DA}
		{54954569-3E15-19D4-58FD-A8DE1F0893F5} = {D3C49938-1353-3F57-9B89-9106EBF0CEF0}
		{5B5F49C7-0983-9D33-D2C5-7CC7D9F199AB} = {5D20AA90-6969-D8BD-9DCD-8634F4692FDA}
		{20EF94D4-CE39-CC0A-A0C4-EE3D98CE210B} = {5B5F49C7-0983-9D33-D2C5-7CC7D9F199AB}
		{ACFF22FF-D5C4-6AB1-3205-B9D1E8A121BB} = {20EF94D4-CE39-CC0A-A0C4-EE3D98CE210B}
		{42FE389D-C60E-FE1E-4862-0BBEA8569665} = {5D20AA90-6969-D8BD-9DCD-8634F4692FDA}
		{C21C9179-305A-C21D-9217-B929877B6F4A} = {42FE389D-C60E-FE1E-4862-0BBEA8569665}
		{C0A91C45-ACDE-94B8-C652-6E15DCA07655} = {C21C9179-305A-C21D-9217-B929877B6F4A}
		{A9F8897D-A611-9D6C-4D1E-EC7B5021F9D3} = {C0A91C45-ACDE-94B8-C652-6E15DCA07655}
		{F6C90F76-CE4C-257C-0D79-D9B7C4459DF7} = {5D20AA90-6969-D8BD-9DCD-8634F4692FDA}
		{CE62A7D1-C162-4339-21F1-FB4B81D93473} = {F6C90F76-CE4C-257C-0D79-D9B7C4459DF7}
		{3F820681-6F14-8533-D8F4-FEC382DB099C} = {CE62A7D1-C162-4339-21F1-FB4B81D93473}
		{56C5C693-4CD7-6D0C-AEE6-288C16910761} = {3F820681-6F14-8533-D8F4-FEC382DB099C}
		{B80F2D27-2341-BDDF-4C9B-DCB295A35828} = {5D20AA90-6969-D8BD-9DCD-8634F4692FDA}
		{9926AF2C-2DEE-4FCE-FD42-E86C69D7531A} = {B80F2D27-2341-BDDF-4C9B-DCB295A35828}
		{810F246B-7C9F-B15A-0FC6-AE8E39680ABA} = {9926AF2C-2DEE-4FCE-FD42-E86C69D7531A}
		{804C6032-A730-45C9-EB93-54B470CF485C} = {810F246B-7C9F-B15A-0FC6-AE8E39680ABA}
	EndGlobalSection
	GlobalSection(ExtensibilityGlobals) = postSolution
		SolutionGuid = {47D7E858-BD1C-4432-BB3E-2CD67299433E}
	EndGlobalSection
EndGlobal
