
Microsoft Visual Studio Solution File, Format Version 12.00
# Visual Studio Version 17
VisualStudioVersion = 17.5.002.0
MinimumVisualStudioVersion = 10.0.40219.1
Project("{9A19103F-16F7-4668-BE54-9A1E7A4F7556}") = "M365ServiceHealth", "M365ServiceHealth.csproj", "{7A9489C2-EDAD-4619-9BAE-EA3256056D40}"
EndProject
Global
	GlobalSection(SolutionConfigurationPlatforms) = preSolution
		Debug|Any CPU = Debug|Any CPU
		Release|Any CPU = Release|Any CPU
	EndGlobalSection
	GlobalSection(ProjectConfigurationPlatforms) = postSolution
		{7A9489C2-EDAD-4619-9BAE-EA3256056D40}.Debug|Any CPU.ActiveCfg = Debug|Any CPU
		{7A9489C2-EDAD-4619-9BAE-EA3256056D40}.Debug|Any CPU.Build.0 = Debug|Any CPU
		{7A9489C2-EDAD-4619-9BAE-EA3256056D40}.Release|Any CPU.ActiveCfg = Release|Any CPU
		{7A9489C2-EDAD-4619-9BAE-EA3256056D40}.Release|Any CPU.Build.0 = Release|Any CPU
	EndGlobalSection
	GlobalSection(SolutionProperties) = preSolution
		HideSolutionNode = FALSE
	EndGlobalSection
	GlobalSection(ExtensibilityGlobals) = postSolution
		SolutionGuid = {280A3DA2-CAD0-4731-85DE-75527154160A}
	EndGlobalSection
EndGlobal
