
Microsoft Visual Studio Solution File, Format Version 12.00
# Visual Studio Version 16
VisualStudioVersion = 16.0.29123.88
MinimumVisualStudioVersion = 10.0.40219.1
Project("{9A19103F-16F7-4668-BE54-9A1E7A4F7556}") = "ProvisioningApp", "ProvisioningApp\ProvisioningApp.csproj", "{8CB1D773-D3D0-4B37-B310-BA94F2476D75}"
EndProject
Global
	GlobalSection(SolutionConfigurationPlatforms) = preSolution
		Debug|Any CPU = Debug|Any CPU
		Release|Any CPU = Release|Any CPU
	EndGlobalSection
	GlobalSection(ProjectConfigurationPlatforms) = postSolution
		{8CB1D773-D3D0-4B37-B310-BA94F2476D75}.Debug|Any CPU.ActiveCfg = Debug|Any CPU
		{8CB1D773-D3D0-4B37-B310-BA94F2476D75}.Debug|Any CPU.Build.0 = Debug|Any CPU
		{8CB1D773-D3D0-4B37-B310-BA94F2476D75}.Release|Any CPU.ActiveCfg = Release|Any CPU
		{8CB1D773-D3D0-4B37-B310-BA94F2476D75}.Release|Any CPU.Build.0 = Release|Any CPU
	EndGlobalSection
	GlobalSection(SolutionProperties) = preSolution
		HideSolutionNode = FALSE
	EndGlobalSection
	GlobalSection(ExtensibilityGlobals) = postSolution
		SolutionGuid = {5374BAB8-D4AB-4D3B-8A38-1C351CF3BB4B}
	EndGlobalSection
EndGlobal
